
Microsoft Visual Studio Solution File, Format Version 12.00
# Visual Studio Version 17
VisualStudioVersion = 17.3.32811.315
MinimumVisualStudioVersion = 10.0.40219.1
Project("{FAE04EC0-301F-11D3-BF4B-00C04F79EFBC}") = "MaxString", "MaxString\MaxString.csproj", "{C76C983A-D2ED-448E-A43F-0E6518CA5BD3}"
EndProject
Project("{FAE04EC0-301F-11D3-BF4B-00C04F79EFBC}") = "UnitTests", "UnitTests\UnitTests.csproj", "{D3014D08-807D-4EC8-B546-0A2B34E66496}"
EndProject
Global
	GlobalSection(SolutionConfigurationPlatforms) = preSolution
		Debug|Any CPU = Debug|Any CPU
		Release|Any CPU = Release|Any CPU
	EndGlobalSection
	GlobalSection(ProjectConfigurationPlatforms) = postSolution
		{C76C983A-D2ED-448E-A43F-0E6518CA5BD3}.Debug|Any CPU.ActiveCfg = Debug|Any CPU
		{C76C983A-D2ED-448E-A43F-0E6518CA5BD3}.Debug|Any CPU.Build.0 = Debug|Any CPU
		{C76C983A-D2ED-448E-A43F-0E6518CA5BD3}.Release|Any CPU.ActiveCfg = Release|Any CPU
		{C76C983A-D2ED-448E-A43F-0E6518CA5BD3}.Release|Any CPU.Build.0 = Release|Any CPU
		{D3014D08-807D-4EC8-B546-0A2B34E66496}.Debug|Any CPU.ActiveCfg = Debug|Any CPU
		{D3014D08-807D-4EC8-B546-0A2B34E66496}.Debug|Any CPU.Build.0 = Debug|Any CPU
		{D3014D08-807D-4EC8-B546-0A2B34E66496}.Release|Any CPU.ActiveCfg = Release|Any CPU
		{D3014D08-807D-4EC8-B546-0A2B34E66496}.Release|Any CPU.Build.0 = Release|Any CPU
	EndGlobalSection
	GlobalSection(SolutionProperties) = preSolution
		HideSolutionNode = FALSE
	EndGlobalSection
	GlobalSection(ExtensibilityGlobals) = postSolution
		SolutionGuid = {FE4883B8-DBBF-46A7-A187-244C5A5331DD}
	EndGlobalSection
EndGlobal
